{
  "nodes": {
    "fenix": {
      "inputs": {
        "nixpkgs": [
          "nixpkgs"
        ],
        "rust-analyzer-src": "rust-analyzer-src"
      },
      "locked": {
        "lastModified": 1754203187,
        "narHash": "sha256-i7ymGl2rGLaQnOBrU/agmfivBGd8OgoU+g6CRx5pc7I=",
        "owner": "nix-community",
        "repo": "fenix",
        "rev": "f7c6852faf89408d2f879ba421204376f9e333cc",
        "type": "github"
      },
      "original": {
        "owner": "nix-community",
        "repo": "fenix",
        "type": "github"
      }
    },
    "nixpkgs": {
      "locked": {
        "lastModified": 1754217164,
        "narHash": "sha256-7zupXwqbChmsEyOCUzUbrWVwnUxPc6ExBajgk/Y1oeU=",
        "owner": "NixOS",
        "repo": "nixpkgs",
        "rev": "94bcd9f5bcc94c0a1451ea873e38dddea7360bdc",
        "type": "github"
      },
      "original": {
        "owner": "NixOS",
        "ref": "nixpkgs-unstable",
        "repo": "nixpkgs",
        "type": "github"
      }
    },
    "root": {
      "inputs": {
        "fenix": "fenix",
        "nixpkgs": "nixpkgs"
      }
    },
    "rust-analyzer-src": {
      "flake": false,
      "locked": {
        "lastModified": 1754160608,
        "narHash": "sha256-7+PEkVpsYesB2PAEdWZDhQ+gT/Iu0RhTFDbNsXNrnLc=",
        "owner": "rust-lang",
        "repo": "rust-analyzer",
        "rev": "5daac5567bab99ce3819b666d80545cf7df66c18",
        "type": "github"
      },
      "original": {
        "owner": "rust-lang",
        "ref": "nightly",
        "repo": "rust-analyzer",
        "type": "github"
      }
    }
  },
  "root": "root",
  "version": 7
}
